<?xml version="1.0" encoding="utf-8"?>
<Project ToolsVersion="4.0" xmlns="http://schemas.microsoft.com/developer/msbuild/2003">
  <ItemGroup>
    <ClCompile Include="pch.cpp">
      <Filter>Source Files</Filter>
    </ClCompile>
    <ClCompile Include="TestFiles\VTS_Test.cpp">
      <Filter>Test Files</Filter>
    </ClCompile>
    <ClCompile Include="TestFiles\StringHelpers_Test.cpp">
      <Filter>Test Files</Filter>
    </ClCompile>
    <ClCompile Include="TestFiles\StringConverters_Test.cpp">
      <Filter>Test Files</Filter>
    </ClCompile>
    <ClCompile Include="TestFiles\PoolAllocator_Test.cpp">
      <Filter>Test Files</Filter>
    </ClCompile>
    <ClCompile Include="TestFiles\JobPool_Test.cpp">
      <Filter>Test Files</Filter>
    </ClCompile>
    <ClCompile Include="TestFiles\Guid_Test.cpp">
      <Filter>Test Files</Filter>
    </ClCompile>
    <ClCompile Include="TestFiles\GameClock_Test.cpp">
      <Filter>Test Files</Filter>
    </ClCompile>
    <ClCompile Include="TestFiles\Coordinator_Test.cpp">
      <Filter>Test Files</Filter>
    </ClCompile>
    <ClCompile Include="TestFiles\Configuration_Test.cpp">
      <Filter>Test Files</Filter>
    </ClCompile>
    <ClCompile Include="TestFiles\File_Test.cpp">
      <Filter>Test Files</Filter>
    </ClCompile>
    <ClCompile Include="TestFiles\CompilerAlgo_Test.cpp">
      <Filter>Test Files</Filter>
    </ClCompile>
    <ClCompile Include="TestFiles\YLog_Test.cpp">
      <Filter>Test Files</Filter>
    </ClCompile>
    <ClCompile Include="TestFiles\IdBatch_Test.cpp">
      <Filter>Test Files</Filter>
    </ClCompile>
    <ClCompile Include="TestFiles\BlobLoader_Test.cpp">
      <Filter>Test Files</Filter>
    </ClCompile>
    <ClCompile Include="TestFiles\Json_Test.cpp">
      <Filter>Test Files</Filter>
    </ClCompile>
    <ClCompile Include="TestFiles\Threading_Test.cpp">
      <Filter>Test Files</Filter>
    </ClCompile>
    <ClCompile Include="TestFiles\Math_Test.cpp">
      <Filter>Test Files</Filter>
    </ClCompile>
  </ItemGroup>
  <ItemGroup>
    <Filter Include="Test Files">
      <UniqueIdentifier>{d7292329-ce3f-4af9-97d3-5fd85dd9bfba}</UniqueIdentifier>
    </Filter>
    <Filter Include="Source Files">
      <UniqueIdentifier>{9c39e03a-9f05-41f5-a004-a8e2eb2c9278}</UniqueIdentifier>
    </Filter>
  </ItemGroup>
  <ItemGroup>
    <None Include="packages.config">
      <Filter>Source Files</Filter>
    </None>
  </ItemGroup>
  <ItemGroup>
    <ClInclude Include="pch.h">
      <Filter>Source Files</Filter>
    </ClInclude>
  </ItemGroup>
</Project>