
Microsoft Visual Studio Solution File, Format Version 12.00
# Visual Studio Version 17
VisualStudioVersion = 17.3.32804.467
MinimumVisualStudioVersion = 10.0.40219.1
Project("{8BC9CEB8-8B4A-11D0-8D11-00A0C91BC942}") = "YagetCore-Test", "YagetCore-Test.vcxproj", "{6C57825D-E4AA-43A5-89D7-52B97B0DCA76}"
EndProject
Project("{8BC9CEB8-8B4A-11D0-8D11-00A0C91BC942}") = "YagetCore", "..\..\Common\Utility\build\YagetCore.vcxproj", "{07303B2D-746E-4E66-9F3E-E0C5D4A31D80}"
EndProject
Project("{8BC9CEB8-8B4A-11D0-8D11-00A0C91BC942}") = "YagetConfigurator", "..\..\Tools\Configurator\YagetConfigurator.vcxproj", "{06E29F3B-9331-403E-9C3B-7B92CD01C37F}"
	ProjectSection(ProjectDependencies) = postProject
		{07303B2D-746E-4E66-9F3E-E0C5D4A31D80} = {07303B2D-746E-4E66-9F3E-E0C5D4A31D80}
	EndProjectSection
EndProject
Project("{8BC9CEB8-8B4A-11D0-8D11-00A0C91BC942}") = "YagetRender", "..\..\Common\Render\build\YagetRender.vcxproj", "{3B087BA9-C1A1-401B-8EAF-0F8827FC539A}"
	ProjectSection(ProjectDependencies) = postProject
		{07303B2D-746E-4E66-9F3E-E0C5D4A31D80} = {07303B2D-746E-4E66-9F3E-E0C5D4A31D80}
	EndProjectSection
EndProject
Project("{8BC9CEB8-8B4A-11D0-8D11-00A0C91BC942}") = "TicTocToe", "..\..\Games\TicTocToe\TicTocToe.vcxproj", "{26AF90B1-D749-4BFD-95B3-BABA5C885C76}"
	ProjectSection(ProjectDependencies) = postProject
		{07303B2D-746E-4E66-9F3E-E0C5D4A31D80} = {07303B2D-746E-4E66-9F3E-E0C5D4A31D80}
	EndProjectSection
EndProject
Project("{8BC9CEB8-8B4A-11D0-8D11-00A0C91BC942}") = "YagetCore-Perf", "..\..\Perf\YagetCore-Perf\YagetCore-Perf.vcxproj", "{1D93FA71-6B51-4657-85C6-F2ACB572F1C5}"
	ProjectSection(ProjectDependencies) = postProject
		{07303B2D-746E-4E66-9F3E-E0C5D4A31D80} = {07303B2D-746E-4E66-9F3E-E0C5D4A31D80}
	EndProjectSection
EndProject
Project("{8BC9CEB8-8B4A-11D0-8D11-00A0C91BC942}") = "YagetEditor", "..\..\Tools\YagetEditor\YagetEditor.vcxproj", "{E9BF76D1-18C0-43EB-815F-858D8D819D50}"
	ProjectSection(ProjectDependencies) = postProject
		{62C78A26-D56A-46C0-B205-8E1456749B02} = {62C78A26-D56A-46C0-B205-8E1456749B02}
	EndProjectSection
EndProject
Project("{2150E333-8FDC-42A3-9474-1A3956D46DE8}") = "References", "References", "{BF75A11A-D243-484D-8BBF-F97BD493A1ED}"
EndProject
Project("{8BC9CEB8-8B4A-11D0-8D11-00A0C91BC942}") = "Coordinator", "..\..\Research\Reference\Coordinator\build\Coordinator.vcxproj", "{7248B931-88B9-485C-9306-D98415C06F76}"
EndProject
Project("{8BC9CEB8-8B4A-11D0-8D11-00A0C91BC942}") = "YagetRender12", "..\..\Common\Render\build\YagetRender12.vcxproj", "{62C78A26-D56A-46C0-B205-8E1456749B02}"
	ProjectSection(ProjectDependencies) = postProject
		{07303B2D-746E-4E66-9F3E-E0C5D4A31D80} = {07303B2D-746E-4E66-9F3E-E0C5D4A31D80}
	EndProjectSection
EndProject
Project("{8BC9CEB8-8B4A-11D0-8D11-00A0C91BC942}") = "Tutorial1", "..\..\Research\Reference\LearningDirectX12-0.0.1\builds\Tutorial1\Tutorial1.vcxproj", "{ECE318D8-F03F-30A1-8137-80B90A4898E3}"
EndProject
Project("{8BC9CEB8-8B4A-11D0-8D11-00A0C91BC942}") = "Tutorial2", "..\..\Research\Reference\LearningDirectX12-0.0.2\builds\Tutorial2\Tutorial2.vcxproj", "{CEBDDEC2-1B27-3F1A-9D08-5286B1E725F1}"
EndProject
Project("{8BC9CEB8-8B4A-11D0-8D11-00A0C91BC942}") = "D3D12HelloTriangle", "..\..\..\..\..\DirectX-Graphics-Samples\Samples\Desktop\D3D12HelloWorld\src\HelloTriangle\D3D12HelloTriangle.vcxproj", "{5018F6A3-6533-4744-B1FD-727D199FD2E9}"
EndProject
Project("{9A19103F-16F7-4668-BE54-9A1E7A4F7556}") = "pv", "..\..\Tools\ProjectValidator\pv.csproj", "{D875C2B3-A38B-42B9-B198-1C03475183E9}"
EndProject
Global
	GlobalSection(SolutionConfigurationPlatforms) = preSolution
		Debug|Any CPU = Debug|Any CPU
		Debug|x64 = Debug|x64
		Debug|x86 = Debug|x86
		MinSizeRel|Any CPU = MinSizeRel|Any CPU
		MinSizeRel|x64 = MinSizeRel|x64
		MinSizeRel|x86 = MinSizeRel|x86
		Release|Any CPU = Release|Any CPU
		Release|x64 = Release|x64
		Release|x86 = Release|x86
		RelWithDebInfo|Any CPU = RelWithDebInfo|Any CPU
		RelWithDebInfo|x64 = RelWithDebInfo|x64
		RelWithDebInfo|x86 = RelWithDebInfo|x86
	EndGlobalSection
	GlobalSection(ProjectConfigurationPlatforms) = postSolution
		{6C57825D-E4AA-43A5-89D7-52B97B0DCA76}.Debug|Any CPU.ActiveCfg = Debug|x64
		{6C57825D-E4AA-43A5-89D7-52B97B0DCA76}.Debug|Any CPU.Build.0 = Debug|x64
		{6C57825D-E4AA-43A5-89D7-52B97B0DCA76}.Debug|x64.ActiveCfg = Debug|x64
		{6C57825D-E4AA-43A5-89D7-52B97B0DCA76}.Debug|x64.Build.0 = Debug|x64
		{6C57825D-E4AA-43A5-89D7-52B97B0DCA76}.Debug|x86.ActiveCfg = Debug|Win32
		{6C57825D-E4AA-43A5-89D7-52B97B0DCA76}.Debug|x86.Build.0 = Debug|Win32
		{6C57825D-E4AA-43A5-89D7-52B97B0DCA76}.MinSizeRel|Any CPU.ActiveCfg = Release|x64
		{6C57825D-E4AA-43A5-89D7-52B97B0DCA76}.MinSizeRel|Any CPU.Build.0 = Release|x64
		{6C57825D-E4AA-43A5-89D7-52B97B0DCA76}.MinSizeRel|x64.ActiveCfg = Release|x64
		{6C57825D-E4AA-43A5-89D7-52B97B0DCA76}.MinSizeRel|x64.Build.0 = Release|x64
		{6C57825D-E4AA-43A5-89D7-52B97B0DCA76}.MinSizeRel|x86.ActiveCfg = Release|Win32
		{6C57825D-E4AA-43A5-89D7-52B97B0DCA76}.MinSizeRel|x86.Build.0 = Release|Win32
		{6C57825D-E4AA-43A5-89D7-52B97B0DCA76}.Release|Any CPU.ActiveCfg = Release|x64
		{6C57825D-E4AA-43A5-89D7-52B97B0DCA76}.Release|Any CPU.Build.0 = Release|x64
		{6C57825D-E4AA-43A5-89D7-52B97B0DCA76}.Release|x64.ActiveCfg = Release|x64
		{6C57825D-E4AA-43A5-89D7-52B97B0DCA76}.Release|x64.Build.0 = Release|x64
		{6C57825D-E4AA-43A5-89D7-52B97B0DCA76}.Release|x86.ActiveCfg = Release|Win32
		{6C57825D-E4AA-43A5-89D7-52B97B0DCA76}.Release|x86.Build.0 = Release|Win32
		{6C57825D-E4AA-43A5-89D7-52B97B0DCA76}.RelWithDebInfo|Any CPU.ActiveCfg = Release|x64
		{6C57825D-E4AA-43A5-89D7-52B97B0DCA76}.RelWithDebInfo|Any CPU.Build.0 = Release|x64
		{6C57825D-E4AA-43A5-89D7-52B97B0DCA76}.RelWithDebInfo|x64.ActiveCfg = Release|x64
		{6C57825D-E4AA-43A5-89D7-52B97B0DCA76}.RelWithDebInfo|x64.Build.0 = Release|x64
		{6C57825D-E4AA-43A5-89D7-52B97B0DCA76}.RelWithDebInfo|x86.ActiveCfg = Release|Win32
		{6C57825D-E4AA-43A5-89D7-52B97B0DCA76}.RelWithDebInfo|x86.Build.0 = Release|Win32
		{07303B2D-746E-4E66-9F3E-E0C5D4A31D80}.Debug|Any CPU.ActiveCfg = Debug|x64
		{07303B2D-746E-4E66-9F3E-E0C5D4A31D80}.Debug|Any CPU.Build.0 = Debug|x64
		{07303B2D-746E-4E66-9F3E-E0C5D4A31D80}.Debug|x64.ActiveCfg = Debug|x64
		{07303B2D-746E-4E66-9F3E-E0C5D4A31D80}.Debug|x64.Build.0 = Debug|x64
		{07303B2D-746E-4E66-9F3E-E0C5D4A31D80}.Debug|x86.ActiveCfg = Debug|Win32
		{07303B2D-746E-4E66-9F3E-E0C5D4A31D80}.Debug|x86.Build.0 = Debug|Win32
		{07303B2D-746E-4E66-9F3E-E0C5D4A31D80}.MinSizeRel|Any CPU.ActiveCfg = Release|x64
		{07303B2D-746E-4E66-9F3E-E0C5D4A31D80}.MinSizeRel|Any CPU.Build.0 = Release|x64
		{07303B2D-746E-4E66-9F3E-E0C5D4A31D80}.MinSizeRel|x64.ActiveCfg = Release|x64
		{07303B2D-746E-4E66-9F3E-E0C5D4A31D80}.MinSizeRel|x64.Build.0 = Release|x64
		{07303B2D-746E-4E66-9F3E-E0C5D4A31D80}.MinSizeRel|x86.ActiveCfg = Release|Win32
		{07303B2D-746E-4E66-9F3E-E0C5D4A31D80}.MinSizeRel|x86.Build.0 = Release|Win32
		{07303B2D-746E-4E66-9F3E-E0C5D4A31D80}.Release|Any CPU.ActiveCfg = Release|x64
		{07303B2D-746E-4E66-9F3E-E0C5D4A31D80}.Release|Any CPU.Build.0 = Release|x64
		{07303B2D-746E-4E66-9F3E-E0C5D4A31D80}.Release|x64.ActiveCfg = Release|x64
		{07303B2D-746E-4E66-9F3E-E0C5D4A31D80}.Release|x64.Build.0 = Release|x64
		{07303B2D-746E-4E66-9F3E-E0C5D4A31D80}.Release|x86.ActiveCfg = Release|Win32
		{07303B2D-746E-4E66-9F3E-E0C5D4A31D80}.Release|x86.Build.0 = Release|Win32
		{07303B2D-746E-4E66-9F3E-E0C5D4A31D80}.RelWithDebInfo|Any CPU.ActiveCfg = Release|x64
		{07303B2D-746E-4E66-9F3E-E0C5D4A31D80}.RelWithDebInfo|Any CPU.Build.0 = Release|x64
		{07303B2D-746E-4E66-9F3E-E0C5D4A31D80}.RelWithDebInfo|x64.ActiveCfg = Release|x64
		{07303B2D-746E-4E66-9F3E-E0C5D4A31D80}.RelWithDebInfo|x64.Build.0 = Release|x64
		{07303B2D-746E-4E66-9F3E-E0C5D4A31D80}.RelWithDebInfo|x86.ActiveCfg = Release|Win32
		{07303B2D-746E-4E66-9F3E-E0C5D4A31D80}.RelWithDebInfo|x86.Build.0 = Release|Win32
		{06E29F3B-9331-403E-9C3B-7B92CD01C37F}.Debug|Any CPU.ActiveCfg = Debug|x64
		{06E29F3B-9331-403E-9C3B-7B92CD01C37F}.Debug|Any CPU.Build.0 = Debug|x64
		{06E29F3B-9331-403E-9C3B-7B92CD01C37F}.Debug|x64.ActiveCfg = Debug|x64
		{06E29F3B-9331-403E-9C3B-7B92CD01C37F}.Debug|x64.Build.0 = Debug|x64
		{06E29F3B-9331-403E-9C3B-7B92CD01C37F}.Debug|x86.ActiveCfg = Debug|Win32
		{06E29F3B-9331-403E-9C3B-7B92CD01C37F}.Debug|x86.Build.0 = Debug|Win32
		{06E29F3B-9331-403E-9C3B-7B92CD01C37F}.MinSizeRel|Any CPU.ActiveCfg = Release|x64
		{06E29F3B-9331-403E-9C3B-7B92CD01C37F}.MinSizeRel|Any CPU.Build.0 = Release|x64
		{06E29F3B-9331-403E-9C3B-7B92CD01C37F}.MinSizeRel|x64.ActiveCfg = Release|x64
		{06E29F3B-9331-403E-9C3B-7B92CD01C37F}.MinSizeRel|x64.Build.0 = Release|x64
		{06E29F3B-9331-403E-9C3B-7B92CD01C37F}.MinSizeRel|x86.ActiveCfg = Release|Win32
		{06E29F3B-9331-403E-9C3B-7B92CD01C37F}.MinSizeRel|x86.Build.0 = Release|Win32
		{06E29F3B-9331-403E-9C3B-7B92CD01C37F}.Release|Any CPU.ActiveCfg = Release|x64
		{06E29F3B-9331-403E-9C3B-7B92CD01C37F}.Release|Any CPU.Build.0 = Release|x64
		{06E29F3B-9331-403E-9C3B-7B92CD01C37F}.Release|x64.ActiveCfg = Release|x64
		{06E29F3B-9331-403E-9C3B-7B92CD01C37F}.Release|x64.Build.0 = Release|x64
		{06E29F3B-9331-403E-9C3B-7B92CD01C37F}.Release|x86.ActiveCfg = Release|Win32
		{06E29F3B-9331-403E-9C3B-7B92CD01C37F}.Release|x86.Build.0 = Release|Win32
		{06E29F3B-9331-403E-9C3B-7B92CD01C37F}.RelWithDebInfo|Any CPU.ActiveCfg = Release|x64
		{06E29F3B-9331-403E-9C3B-7B92CD01C37F}.RelWithDebInfo|Any CPU.Build.0 = Release|x64
		{06E29F3B-9331-403E-9C3B-7B92CD01C37F}.RelWithDebInfo|x64.ActiveCfg = Release|x64
		{06E29F3B-9331-403E-9C3B-7B92CD01C37F}.RelWithDebInfo|x64.Build.0 = Release|x64
		{06E29F3B-9331-403E-9C3B-7B92CD01C37F}.RelWithDebInfo|x86.ActiveCfg = Release|Win32
		{06E29F3B-9331-403E-9C3B-7B92CD01C37F}.RelWithDebInfo|x86.Build.0 = Release|Win32
		{3B087BA9-C1A1-401B-8EAF-0F8827FC539A}.Debug|Any CPU.ActiveCfg = Debug|x64
		{3B087BA9-C1A1-401B-8EAF-0F8827FC539A}.Debug|Any CPU.Build.0 = Debug|x64
		{3B087BA9-C1A1-401B-8EAF-0F8827FC539A}.Debug|x64.ActiveCfg = Debug|x64
		{3B087BA9-C1A1-401B-8EAF-0F8827FC539A}.Debug|x64.Build.0 = Debug|x64
		{3B087BA9-C1A1-401B-8EAF-0F8827FC539A}.Debug|x86.ActiveCfg = Debug|Win32
		{3B087BA9-C1A1-401B-8EAF-0F8827FC539A}.Debug|x86.Build.0 = Debug|Win32
		{3B087BA9-C1A1-401B-8EAF-0F8827FC539A}.MinSizeRel|Any CPU.ActiveCfg = Release|x64
		{3B087BA9-C1A1-401B-8EAF-0F8827FC539A}.MinSizeRel|Any CPU.Build.0 = Release|x64
		{3B087BA9-C1A1-401B-8EAF-0F8827FC539A}.MinSizeRel|x64.ActiveCfg = Release|x64
		{3B087BA9-C1A1-401B-8EAF-0F8827FC539A}.MinSizeRel|x64.Build.0 = Release|x64
		{3B087BA9-C1A1-401B-8EAF-0F8827FC539A}.MinSizeRel|x86.ActiveCfg = Release|Win32
		{3B087BA9-C1A1-401B-8EAF-0F8827FC539A}.MinSizeRel|x86.Build.0 = Release|Win32
		{3B087BA9-C1A1-401B-8EAF-0F8827FC539A}.Release|Any CPU.ActiveCfg = Release|x64
		{3B087BA9-C1A1-401B-8EAF-0F8827FC539A}.Release|Any CPU.Build.0 = Release|x64
		{3B087BA9-C1A1-401B-8EAF-0F8827FC539A}.Release|x64.ActiveCfg = Release|x64
		{3B087BA9-C1A1-401B-8EAF-0F8827FC539A}.Release|x64.Build.0 = Release|x64
		{3B087BA9-C1A1-401B-8EAF-0F8827FC539A}.Release|x86.ActiveCfg = Release|Win32
		{3B087BA9-C1A1-401B-8EAF-0F8827FC539A}.Release|x86.Build.0 = Release|Win32
		{3B087BA9-C1A1-401B-8EAF-0F8827FC539A}.RelWithDebInfo|Any CPU.ActiveCfg = Release|x64
		{3B087BA9-C1A1-401B-8EAF-0F8827FC539A}.RelWithDebInfo|Any CPU.Build.0 = Release|x64
		{3B087BA9-C1A1-401B-8EAF-0F8827FC539A}.RelWithDebInfo|x64.ActiveCfg = Release|x64
		{3B087BA9-C1A1-401B-8EAF-0F8827FC539A}.RelWithDebInfo|x64.Build.0 = Release|x64
		{3B087BA9-C1A1-401B-8EAF-0F8827FC539A}.RelWithDebInfo|x86.ActiveCfg = Release|Win32
		{3B087BA9-C1A1-401B-8EAF-0F8827FC539A}.RelWithDebInfo|x86.Build.0 = Release|Win32
		{26AF90B1-D749-4BFD-95B3-BABA5C885C76}.Debug|Any CPU.ActiveCfg = Debug|x64
		{26AF90B1-D749-4BFD-95B3-BABA5C885C76}.Debug|Any CPU.Build.0 = Debug|x64
		{26AF90B1-D749-4BFD-95B3-BABA5C885C76}.Debug|x64.ActiveCfg = Debug|x64
		{26AF90B1-D749-4BFD-95B3-BABA5C885C76}.Debug|x86.ActiveCfg = Debug|Win32
		{26AF90B1-D749-4BFD-95B3-BABA5C885C76}.Debug|x86.Build.0 = Debug|Win32
		{26AF90B1-D749-4BFD-95B3-BABA5C885C76}.MinSizeRel|Any CPU.ActiveCfg = Release|x64
		{26AF90B1-D749-4BFD-95B3-BABA5C885C76}.MinSizeRel|Any CPU.Build.0 = Release|x64
		{26AF90B1-D749-4BFD-95B3-BABA5C885C76}.MinSizeRel|x64.ActiveCfg = Release|x64
		{26AF90B1-D749-4BFD-95B3-BABA5C885C76}.MinSizeRel|x64.Build.0 = Release|x64
		{26AF90B1-D749-4BFD-95B3-BABA5C885C76}.MinSizeRel|x86.ActiveCfg = Release|Win32
		{26AF90B1-D749-4BFD-95B3-BABA5C885C76}.MinSizeRel|x86.Build.0 = Release|Win32
		{26AF90B1-D749-4BFD-95B3-BABA5C885C76}.Release|Any CPU.ActiveCfg = Release|x64
		{26AF90B1-D749-4BFD-95B3-BABA5C885C76}.Release|Any CPU.Build.0 = Release|x64
		{26AF90B1-D749-4BFD-95B3-BABA5C885C76}.Release|x64.ActiveCfg = Release|x64
		{26AF90B1-D749-4BFD-95B3-BABA5C885C76}.Release|x86.ActiveCfg = Release|Win32
		{26AF90B1-D749-4BFD-95B3-BABA5C885C76}.Release|x86.Build.0 = Release|Win32
		{26AF90B1-D749-4BFD-95B3-BABA5C885C76}.RelWithDebInfo|Any CPU.ActiveCfg = Release|x64
		{26AF90B1-D749-4BFD-95B3-BABA5C885C76}.RelWithDebInfo|Any CPU.Build.0 = Release|x64
		{26AF90B1-D749-4BFD-95B3-BABA5C885C76}.RelWithDebInfo|x64.ActiveCfg = Release|x64
		{26AF90B1-D749-4BFD-95B3-BABA5C885C76}.RelWithDebInfo|x64.Build.0 = Release|x64
		{26AF90B1-D749-4BFD-95B3-BABA5C885C76}.RelWithDebInfo|x86.ActiveCfg = Release|Win32
		{26AF90B1-D749-4BFD-95B3-BABA5C885C76}.RelWithDebInfo|x86.Build.0 = Release|Win32
		{1D93FA71-6B51-4657-85C6-F2ACB572F1C5}.Debug|Any CPU.ActiveCfg = Debug|x64
		{1D93FA71-6B51-4657-85C6-F2ACB572F1C5}.Debug|Any CPU.Build.0 = Debug|x64
		{1D93FA71-6B51-4657-85C6-F2ACB572F1C5}.Debug|x64.ActiveCfg = Debug|x64
		{1D93FA71-6B51-4657-85C6-F2ACB572F1C5}.Debug|x64.Build.0 = Debug|x64
		{1D93FA71-6B51-4657-85C6-F2ACB572F1C5}.Debug|x86.ActiveCfg = Debug|Win32
		{1D93FA71-6B51-4657-85C6-F2ACB572F1C5}.Debug|x86.Build.0 = Debug|Win32
		{1D93FA71-6B51-4657-85C6-F2ACB572F1C5}.MinSizeRel|Any CPU.ActiveCfg = Release|x64
		{1D93FA71-6B51-4657-85C6-F2ACB572F1C5}.MinSizeRel|Any CPU.Build.0 = Release|x64
		{1D93FA71-6B51-4657-85C6-F2ACB572F1C5}.MinSizeRel|x64.ActiveCfg = Release|x64
		{1D93FA71-6B51-4657-85C6-F2ACB572F1C5}.MinSizeRel|x64.Build.0 = Release|x64
		{1D93FA71-6B51-4657-85C6-F2ACB572F1C5}.MinSizeRel|x86.ActiveCfg = Release|Win32
		{1D93FA71-6B51-4657-85C6-F2ACB572F1C5}.MinSizeRel|x86.Build.0 = Release|Win32
		{1D93FA71-6B51-4657-85C6-F2ACB572F1C5}.Release|Any CPU.ActiveCfg = Release|x64
		{1D93FA71-6B51-4657-85C6-F2ACB572F1C5}.Release|Any CPU.Build.0 = Release|x64
		{1D93FA71-6B51-4657-85C6-F2ACB572F1C5}.Release|x64.ActiveCfg = Release|x64
		{1D93FA71-6B51-4657-85C6-F2ACB572F1C5}.Release|x64.Build.0 = Release|x64
		{1D93FA71-6B51-4657-85C6-F2ACB572F1C5}.Release|x86.ActiveCfg = Release|Win32
		{1D93FA71-6B51-4657-85C6-F2ACB572F1C5}.Release|x86.Build.0 = Release|Win32
		{1D93FA71-6B51-4657-85C6-F2ACB572F1C5}.RelWithDebInfo|Any CPU.ActiveCfg = Release|x64
		{1D93FA71-6B51-4657-85C6-F2ACB572F1C5}.RelWithDebInfo|Any CPU.Build.0 = Release|x64
		{1D93FA71-6B51-4657-85C6-F2ACB572F1C5}.RelWithDebInfo|x64.ActiveCfg = Release|x64
		{1D93FA71-6B51-4657-85C6-F2ACB572F1C5}.RelWithDebInfo|x64.Build.0 = Release|x64
		{1D93FA71-6B51-4657-85C6-F2ACB572F1C5}.RelWithDebInfo|x86.ActiveCfg = Release|Win32
		{1D93FA71-6B51-4657-85C6-F2ACB572F1C5}.RelWithDebInfo|x86.Build.0 = Release|Win32
		{E9BF76D1-18C0-43EB-815F-858D8D819D50}.Debug|Any CPU.ActiveCfg = Debug|x64
		{E9BF76D1-18C0-43EB-815F-858D8D819D50}.Debug|Any CPU.Build.0 = Debug|x64
		{E9BF76D1-18C0-43EB-815F-858D8D819D50}.Debug|x64.ActiveCfg = Debug|x64
		{E9BF76D1-18C0-43EB-815F-858D8D819D50}.Debug|x64.Build.0 = Debug|x64
		{E9BF76D1-18C0-43EB-815F-858D8D819D50}.Debug|x86.ActiveCfg = Debug|Win32
		{E9BF76D1-18C0-43EB-815F-858D8D819D50}.Debug|x86.Build.0 = Debug|Win32
		{E9BF76D1-18C0-43EB-815F-858D8D819D50}.MinSizeRel|Any CPU.ActiveCfg = Release|x64
		{E9BF76D1-18C0-43EB-815F-858D8D819D50}.MinSizeRel|Any CPU.Build.0 = Release|x64
		{E9BF76D1-18C0-43EB-815F-858D8D819D50}.MinSizeRel|x64.ActiveCfg = Release|x64
		{E9BF76D1-18C0-43EB-815F-858D8D819D50}.MinSizeRel|x64.Build.0 = Release|x64
		{E9BF76D1-18C0-43EB-815F-858D8D819D50}.MinSizeRel|x86.ActiveCfg = Release|Win32
		{E9BF76D1-18C0-43EB-815F-858D8D819D50}.MinSizeRel|x86.Build.0 = Release|Win32
		{E9BF76D1-18C0-43EB-815F-858D8D819D50}.Release|Any CPU.ActiveCfg = Release|x64
		{E9BF76D1-18C0-43EB-815F-858D8D819D50}.Release|Any CPU.Build.0 = Release|x64
		{E9BF76D1-18C0-43EB-815F-858D8D819D50}.Release|x64.ActiveCfg = Release|x64
		{E9BF76D1-18C0-43EB-815F-858D8D819D50}.Release|x64.Build.0 = Release|x64
		{E9BF76D1-18C0-43EB-815F-858D8D819D50}.Release|x86.ActiveCfg = Release|Win32
		{E9BF76D1-18C0-43EB-815F-858D8D819D50}.Release|x86.Build.0 = Release|Win32
		{E9BF76D1-18C0-43EB-815F-858D8D819D50}.RelWithDebInfo|Any CPU.ActiveCfg = Release|x64
		{E9BF76D1-18C0-43EB-815F-858D8D819D50}.RelWithDebInfo|Any CPU.Build.0 = Release|x64
		{E9BF76D1-18C0-43EB-815F-858D8D819D50}.RelWithDebInfo|x64.ActiveCfg = Release|x64
		{E9BF76D1-18C0-43EB-815F-858D8D819D50}.RelWithDebInfo|x64.Build.0 = Release|x64
		{E9BF76D1-18C0-43EB-815F-858D8D819D50}.RelWithDebInfo|x86.ActiveCfg = Release|Win32
		{E9BF76D1-18C0-43EB-815F-858D8D819D50}.RelWithDebInfo|x86.Build.0 = Release|Win32
		{7248B931-88B9-485C-9306-D98415C06F76}.Debug|Any CPU.ActiveCfg = Debug|x64
		{7248B931-88B9-485C-9306-D98415C06F76}.Debug|Any CPU.Build.0 = Debug|x64
		{7248B931-88B9-485C-9306-D98415C06F76}.Debug|x64.ActiveCfg = Debug|x64
		{7248B931-88B9-485C-9306-D98415C06F76}.Debug|x86.ActiveCfg = Debug|Win32
		{7248B931-88B9-485C-9306-D98415C06F76}.Debug|x86.Build.0 = Debug|Win32
		{7248B931-88B9-485C-9306-D98415C06F76}.MinSizeRel|Any CPU.ActiveCfg = Release|x64
		{7248B931-88B9-485C-9306-D98415C06F76}.MinSizeRel|Any CPU.Build.0 = Release|x64
		{7248B931-88B9-485C-9306-D98415C06F76}.MinSizeRel|x64.ActiveCfg = Release|x64
		{7248B931-88B9-485C-9306-D98415C06F76}.MinSizeRel|x64.Build.0 = Release|x64
		{7248B931-88B9-485C-9306-D98415C06F76}.MinSizeRel|x86.ActiveCfg = Release|Win32
		{7248B931-88B9-485C-9306-D98415C06F76}.MinSizeRel|x86.Build.0 = Release|Win32
		{7248B931-88B9-485C-9306-D98415C06F76}.Release|Any CPU.ActiveCfg = Release|x64
		{7248B931-88B9-485C-9306-D98415C06F76}.Release|Any CPU.Build.0 = Release|x64
		{7248B931-88B9-485C-9306-D98415C06F76}.Release|x64.ActiveCfg = Release|x64
		{7248B931-88B9-485C-9306-D98415C06F76}.Release|x86.ActiveCfg = Release|Win32
		{7248B931-88B9-485C-9306-D98415C06F76}.Release|x86.Build.0 = Release|Win32
		{7248B931-88B9-485C-9306-D98415C06F76}.RelWithDebInfo|Any CPU.ActiveCfg = Release|x64
		{7248B931-88B9-485C-9306-D98415C06F76}.RelWithDebInfo|Any CPU.Build.0 = Release|x64
		{7248B931-88B9-485C-9306-D98415C06F76}.RelWithDebInfo|x64.ActiveCfg = Release|x64
		{7248B931-88B9-485C-9306-D98415C06F76}.RelWithDebInfo|x64.Build.0 = Release|x64
		{7248B931-88B9-485C-9306-D98415C06F76}.RelWithDebInfo|x86.ActiveCfg = Release|Win32
		{7248B931-88B9-485C-9306-D98415C06F76}.RelWithDebInfo|x86.Build.0 = Release|Win32
		{62C78A26-D56A-46C0-B205-8E1456749B02}.Debug|Any CPU.ActiveCfg = Debug|x64
		{62C78A26-D56A-46C0-B205-8E1456749B02}.Debug|Any CPU.Build.0 = Debug|x64
		{62C78A26-D56A-46C0-B205-8E1456749B02}.Debug|x64.ActiveCfg = Debug|x64
		{62C78A26-D56A-46C0-B205-8E1456749B02}.Debug|x64.Build.0 = Debug|x64
		{62C78A26-D56A-46C0-B205-8E1456749B02}.Debug|x86.ActiveCfg = Debug|Win32
		{62C78A26-D56A-46C0-B205-8E1456749B02}.Debug|x86.Build.0 = Debug|Win32
		{62C78A26-D56A-46C0-B205-8E1456749B02}.MinSizeRel|Any CPU.ActiveCfg = Release|x64
		{62C78A26-D56A-46C0-B205-8E1456749B02}.MinSizeRel|Any CPU.Build.0 = Release|x64
		{62C78A26-D56A-46C0-B205-8E1456749B02}.MinSizeRel|x64.ActiveCfg = Release|x64
		{62C78A26-D56A-46C0-B205-8E1456749B02}.MinSizeRel|x64.Build.0 = Release|x64
		{62C78A26-D56A-46C0-B205-8E1456749B02}.MinSizeRel|x86.ActiveCfg = Release|Win32
		{62C78A26-D56A-46C0-B205-8E1456749B02}.MinSizeRel|x86.Build.0 = Release|Win32
		{62C78A26-D56A-46C0-B205-8E1456749B02}.Release|Any CPU.ActiveCfg = Release|x64
		{62C78A26-D56A-46C0-B205-8E1456749B02}.Release|Any CPU.Build.0 = Release|x64
		{62C78A26-D56A-46C0-B205-8E1456749B02}.Release|x64.ActiveCfg = Release|x64
		{62C78A26-D56A-46C0-B205-8E1456749B02}.Release|x64.Build.0 = Release|x64
		{62C78A26-D56A-46C0-B205-8E1456749B02}.Release|x86.ActiveCfg = Release|Win32
		{62C78A26-D56A-46C0-B205-8E1456749B02}.Release|x86.Build.0 = Release|Win32
		{62C78A26-D56A-46C0-B205-8E1456749B02}.RelWithDebInfo|Any CPU.ActiveCfg = Release|x64
		{62C78A26-D56A-46C0-B205-8E1456749B02}.RelWithDebInfo|Any CPU.Build.0 = Release|x64
		{62C78A26-D56A-46C0-B205-8E1456749B02}.RelWithDebInfo|x64.ActiveCfg = Release|x64
		{62C78A26-D56A-46C0-B205-8E1456749B02}.RelWithDebInfo|x64.Build.0 = Release|x64
		{62C78A26-D56A-46C0-B205-8E1456749B02}.RelWithDebInfo|x86.ActiveCfg = Release|Win32
		{62C78A26-D56A-46C0-B205-8E1456749B02}.RelWithDebInfo|x86.Build.0 = Release|Win32
		{ECE318D8-F03F-30A1-8137-80B90A4898E3}.Debug|Any CPU.ActiveCfg = Debug|x64
		{ECE318D8-F03F-30A1-8137-80B90A4898E3}.Debug|Any CPU.Build.0 = Debug|x64
		{ECE318D8-F03F-30A1-8137-80B90A4898E3}.Debug|x64.ActiveCfg = Debug|x64
		{ECE318D8-F03F-30A1-8137-80B90A4898E3}.Debug|x86.ActiveCfg = Debug|x64
		{ECE318D8-F03F-30A1-8137-80B90A4898E3}.MinSizeRel|Any CPU.ActiveCfg = MinSizeRel|x64
		{ECE318D8-F03F-30A1-8137-80B90A4898E3}.MinSizeRel|Any CPU.Build.0 = MinSizeRel|x64
		{ECE318D8-F03F-30A1-8137-80B90A4898E3}.MinSizeRel|x64.ActiveCfg = MinSizeRel|x64
		{ECE318D8-F03F-30A1-8137-80B90A4898E3}.MinSizeRel|x64.Build.0 = MinSizeRel|x64
		{ECE318D8-F03F-30A1-8137-80B90A4898E3}.MinSizeRel|x86.ActiveCfg = MinSizeRel|x64
		{ECE318D8-F03F-30A1-8137-80B90A4898E3}.Release|Any CPU.ActiveCfg = Release|x64
		{ECE318D8-F03F-30A1-8137-80B90A4898E3}.Release|Any CPU.Build.0 = Release|x64
		{ECE318D8-F03F-30A1-8137-80B90A4898E3}.Release|x64.ActiveCfg = Release|x64
		{ECE318D8-F03F-30A1-8137-80B90A4898E3}.Release|x86.ActiveCfg = Release|x64
		{ECE318D8-F03F-30A1-8137-80B90A4898E3}.RelWithDebInfo|Any CPU.ActiveCfg = RelWithDebInfo|x64
		{ECE318D8-F03F-30A1-8137-80B90A4898E3}.RelWithDebInfo|Any CPU.Build.0 = RelWithDebInfo|x64
		{ECE318D8-F03F-30A1-8137-80B90A4898E3}.RelWithDebInfo|x64.ActiveCfg = RelWithDebInfo|x64
		{ECE318D8-F03F-30A1-8137-80B90A4898E3}.RelWithDebInfo|x64.Build.0 = RelWithDebInfo|x64
		{ECE318D8-F03F-30A1-8137-80B90A4898E3}.RelWithDebInfo|x86.ActiveCfg = RelWithDebInfo|x64
		{CEBDDEC2-1B27-3F1A-9D08-5286B1E725F1}.Debug|Any CPU.ActiveCfg = Debug|x64
		{CEBDDEC2-1B27-3F1A-9D08-5286B1E725F1}.Debug|Any CPU.Build.0 = Debug|x64
		{CEBDDEC2-1B27-3F1A-9D08-5286B1E725F1}.Debug|x64.ActiveCfg = Debug|x64
		{CEBDDEC2-1B27-3F1A-9D08-5286B1E725F1}.Debug|x86.ActiveCfg = Debug|x64
		{CEBDDEC2-1B27-3F1A-9D08-5286B1E725F1}.MinSizeRel|Any CPU.ActiveCfg = MinSizeRel|x64
		{CEBDDEC2-1B27-3F1A-9D08-5286B1E725F1}.MinSizeRel|Any CPU.Build.0 = MinSizeRel|x64
		{CEBDDEC2-1B27-3F1A-9D08-5286B1E725F1}.MinSizeRel|x64.ActiveCfg = MinSizeRel|x64
		{CEBDDEC2-1B27-3F1A-9D08-5286B1E725F1}.MinSizeRel|x64.Build.0 = MinSizeRel|x64
		{CEBDDEC2-1B27-3F1A-9D08-5286B1E725F1}.MinSizeRel|x86.ActiveCfg = MinSizeRel|x64
		{CEBDDEC2-1B27-3F1A-9D08-5286B1E725F1}.Release|Any CPU.ActiveCfg = Release|x64
		{CEBDDEC2-1B27-3F1A-9D08-5286B1E725F1}.Release|Any CPU.Build.0 = Release|x64
		{CEBDDEC2-1B27-3F1A-9D08-5286B1E725F1}.Release|x64.ActiveCfg = Release|x64
		{CEBDDEC2-1B27-3F1A-9D08-5286B1E725F1}.Release|x86.ActiveCfg = Release|x64
		{CEBDDEC2-1B27-3F1A-9D08-5286B1E725F1}.RelWithDebInfo|Any CPU.ActiveCfg = RelWithDebInfo|x64
		{CEBDDEC2-1B27-3F1A-9D08-5286B1E725F1}.RelWithDebInfo|Any CPU.Build.0 = RelWithDebInfo|x64
		{CEBDDEC2-1B27-3F1A-9D08-5286B1E725F1}.RelWithDebInfo|x64.ActiveCfg = RelWithDebInfo|x64
		{CEBDDEC2-1B27-3F1A-9D08-5286B1E725F1}.RelWithDebInfo|x64.Build.0 = RelWithDebInfo|x64
		{CEBDDEC2-1B27-3F1A-9D08-5286B1E725F1}.RelWithDebInfo|x86.ActiveCfg = RelWithDebInfo|x64
		{5018F6A3-6533-4744-B1FD-727D199FD2E9}.Debug|Any CPU.ActiveCfg = Debug|x64
		{5018F6A3-6533-4744-B1FD-727D199FD2E9}.Debug|Any CPU.Build.0 = Debug|x64
		{5018F6A3-6533-4744-B1FD-727D199FD2E9}.Debug|x64.ActiveCfg = Debug|x64
		{5018F6A3-6533-4744-B1FD-727D199FD2E9}.Debug|x86.ActiveCfg = Debug|x64
		{5018F6A3-6533-4744-B1FD-727D199FD2E9}.Debug|x86.Build.0 = Debug|x64
		{5018F6A3-6533-4744-B1FD-727D199FD2E9}.MinSizeRel|Any CPU.ActiveCfg = Release|x64
		{5018F6A3-6533-4744-B1FD-727D199FD2E9}.MinSizeRel|Any CPU.Build.0 = Release|x64
		{5018F6A3-6533-4744-B1FD-727D199FD2E9}.MinSizeRel|x64.ActiveCfg = Debug|x64
		{5018F6A3-6533-4744-B1FD-727D199FD2E9}.MinSizeRel|x64.Build.0 = Debug|x64
		{5018F6A3-6533-4744-B1FD-727D199FD2E9}.MinSizeRel|x86.ActiveCfg = Debug|x64
		{5018F6A3-6533-4744-B1FD-727D199FD2E9}.MinSizeRel|x86.Build.0 = Debug|x64
		{5018F6A3-6533-4744-B1FD-727D199FD2E9}.Release|Any CPU.ActiveCfg = Release|x64
		{5018F6A3-6533-4744-B1FD-727D199FD2E9}.Release|Any CPU.Build.0 = Release|x64
		{5018F6A3-6533-4744-B1FD-727D199FD2E9}.Release|x64.ActiveCfg = Release|x64
		{5018F6A3-6533-4744-B1FD-727D199FD2E9}.Release|x86.ActiveCfg = Release|x64
		{5018F6A3-6533-4744-B1FD-727D199FD2E9}.Release|x86.Build.0 = Release|x64
		{5018F6A3-6533-4744-B1FD-727D199FD2E9}.RelWithDebInfo|Any CPU.ActiveCfg = Release|x64
		{5018F6A3-6533-4744-B1FD-727D199FD2E9}.RelWithDebInfo|Any CPU.Build.0 = Release|x64
		{5018F6A3-6533-4744-B1FD-727D199FD2E9}.RelWithDebInfo|x64.ActiveCfg = Release|x64
		{5018F6A3-6533-4744-B1FD-727D199FD2E9}.RelWithDebInfo|x64.Build.0 = Release|x64
		{5018F6A3-6533-4744-B1FD-727D199FD2E9}.RelWithDebInfo|x86.ActiveCfg = Release|x64
		{5018F6A3-6533-4744-B1FD-727D199FD2E9}.RelWithDebInfo|x86.Build.0 = Release|x64
		{D875C2B3-A38B-42B9-B198-1C03475183E9}.Debug|Any CPU.ActiveCfg = Debug|Any CPU
		{D875C2B3-A38B-42B9-B198-1C03475183E9}.Debug|Any CPU.Build.0 = Debug|Any CPU
		{D875C2B3-A38B-42B9-B198-1C03475183E9}.Debug|x64.ActiveCfg = Debug|Any CPU
		{D875C2B3-A38B-42B9-B198-1C03475183E9}.Debug|x64.Build.0 = Debug|Any CPU
		{D875C2B3-A38B-42B9-B198-1C03475183E9}.Debug|x86.ActiveCfg = Debug|Any CPU
		{D875C2B3-A38B-42B9-B198-1C03475183E9}.Debug|x86.Build.0 = Debug|Any CPU
		{D875C2B3-A38B-42B9-B198-1C03475183E9}.MinSizeRel|Any CPU.ActiveCfg = Debug|Any CPU
		{D875C2B3-A38B-42B9-B198-1C03475183E9}.MinSizeRel|Any CPU.Build.0 = Debug|Any CPU
		{D875C2B3-A38B-42B9-B198-1C03475183E9}.MinSizeRel|x64.ActiveCfg = Debug|Any CPU
		{D875C2B3-A38B-42B9-B198-1C03475183E9}.MinSizeRel|x64.Build.0 = Debug|Any CPU
		{D875C2B3-A38B-42B9-B198-1C03475183E9}.MinSizeRel|x86.ActiveCfg = Debug|Any CPU
		{D875C2B3-A38B-42B9-B198-1C03475183E9}.MinSizeRel|x86.Build.0 = Debug|Any CPU
		{D875C2B3-A38B-42B9-B198-1C03475183E9}.Release|Any CPU.ActiveCfg = Release|Any CPU
		{D875C2B3-A38B-42B9-B198-1C03475183E9}.Release|Any CPU.Build.0 = Release|Any CPU
		{D875C2B3-A38B-42B9-B198-1C03475183E9}.Release|x64.ActiveCfg = Release|Any CPU
		{D875C2B3-A38B-42B9-B198-1C03475183E9}.Release|x64.Build.0 = Release|Any CPU
		{D875C2B3-A38B-42B9-B198-1C03475183E9}.Release|x86.ActiveCfg = Release|Any CPU
		{D875C2B3-A38B-42B9-B198-1C03475183E9}.Release|x86.Build.0 = Release|Any CPU
		{D875C2B3-A38B-42B9-B198-1C03475183E9}.RelWithDebInfo|Any CPU.ActiveCfg = Release|Any CPU
		{D875C2B3-A38B-42B9-B198-1C03475183E9}.RelWithDebInfo|Any CPU.Build.0 = Release|Any CPU
		{D875C2B3-A38B-42B9-B198-1C03475183E9}.RelWithDebInfo|x64.ActiveCfg = Release|Any CPU
		{D875C2B3-A38B-42B9-B198-1C03475183E9}.RelWithDebInfo|x64.Build.0 = Release|Any CPU
		{D875C2B3-A38B-42B9-B198-1C03475183E9}.RelWithDebInfo|x86.ActiveCfg = Release|Any CPU
		{D875C2B3-A38B-42B9-B198-1C03475183E9}.RelWithDebInfo|x86.Build.0 = Release|Any CPU
	EndGlobalSection
	GlobalSection(SolutionProperties) = preSolution
		HideSolutionNode = FALSE
	EndGlobalSection
	GlobalSection(NestedProjects) = preSolution
		{ECE318D8-F03F-30A1-8137-80B90A4898E3} = {BF75A11A-D243-484D-8BBF-F97BD493A1ED}
		{CEBDDEC2-1B27-3F1A-9D08-5286B1E725F1} = {BF75A11A-D243-484D-8BBF-F97BD493A1ED}
		{5018F6A3-6533-4744-B1FD-727D199FD2E9} = {BF75A11A-D243-484D-8BBF-F97BD493A1ED}
	EndGlobalSection
	GlobalSection(ExtensibilityGlobals) = postSolution
		SolutionGuid = {5462B7EF-FA41-4DF9-B842-727A101BE0B1}
	EndGlobalSection
EndGlobal
