<?xml version="1.0" encoding="utf-8"?>
<Project ToolsVersion="4.0" xmlns="http://schemas.microsoft.com/developer/msbuild/2003">
  <ItemGroup>
    <ClCompile Include="pch.cpp" />
    <ClCompile Include="JobPool_Test.cpp">
      <Filter>Test Files</Filter>
    </ClCompile>
    <ClCompile Include="test.cpp">
      <Filter>Test Files</Filter>
    </ClCompile>
  </ItemGroup>
  <ItemGroup>
    <ClInclude Include="pch.h" />
  </ItemGroup>
  <ItemGroup>
    <None Include="packages.config" />
  </ItemGroup>
  <ItemGroup>
    <Filter Include="Test Files">
      <UniqueIdentifier>{d7292329-ce3f-4af9-97d3-5fd85dd9bfba}</UniqueIdentifier>
    </Filter>
  </ItemGroup>
</Project>