
Microsoft Visual Studio Solution File, Format Version 12.00
# Visual Studio Version 16
VisualStudioVersion = 16.0.30330.147
MinimumVisualStudioVersion = 10.0.40219.1
Project("{8BC9CEB8-8B4A-11D0-8D11-00A0C91BC942}") = "YagetCore-Test", "YagetCore-Test.vcxproj", "{6C57825D-E4AA-43A5-89D7-52B97B0DCA76}"
EndProject
Project("{8BC9CEB8-8B4A-11D0-8D11-00A0C91BC942}") = "YagetCore", "..\..\Common\Utility\build\YagetCore.vcxproj", "{07303B2D-746E-4E66-9F3E-E0C5D4A31D80}"
EndProject
Project("{8BC9CEB8-8B4A-11D0-8D11-00A0C91BC942}") = "YagetConfigurator", "..\..\Tools\Configurator\YagetConfigurator.vcxproj", "{06E29F3B-9331-403E-9C3B-7B92CD01C37F}"
	ProjectSection(ProjectDependencies) = postProject
		{07303B2D-746E-4E66-9F3E-E0C5D4A31D80} = {07303B2D-746E-4E66-9F3E-E0C5D4A31D80}
	EndProjectSection
EndProject
Project("{8BC9CEB8-8B4A-11D0-8D11-00A0C91BC942}") = "YagetRender", "..\..\Common\Render\build\YagetRender.vcxproj", "{3B087BA9-C1A1-401B-8EAF-0F8827FC539A}"
	ProjectSection(ProjectDependencies) = postProject
		{07303B2D-746E-4E66-9F3E-E0C5D4A31D80} = {07303B2D-746E-4E66-9F3E-E0C5D4A31D80}
	EndProjectSection
EndProject
Project("{8BC9CEB8-8B4A-11D0-8D11-00A0C91BC942}") = "TicTocToe", "..\..\Games\TicTocToe\TicTocToe.vcxproj", "{26AF90B1-D749-4BFD-95B3-BABA5C885C76}"
	ProjectSection(ProjectDependencies) = postProject
		{6C57825D-E4AA-43A5-89D7-52B97B0DCA76} = {6C57825D-E4AA-43A5-89D7-52B97B0DCA76}
	EndProjectSection
EndProject
Project("{8BC9CEB8-8B4A-11D0-8D11-00A0C91BC942}") = "YagetCore-Perf", "..\..\Perf\YagetCore-Perf\YagetCore-Perf.vcxproj", "{1D93FA71-6B51-4657-85C6-F2ACB572F1C5}"
	ProjectSection(ProjectDependencies) = postProject
		{6C57825D-E4AA-43A5-89D7-52B97B0DCA76} = {6C57825D-E4AA-43A5-89D7-52B97B0DCA76}
	EndProjectSection
EndProject
Global
	GlobalSection(SolutionConfigurationPlatforms) = preSolution
		Debug|x64 = Debug|x64
		Debug|x86 = Debug|x86
		Release|x64 = Release|x64
		Release|x86 = Release|x86
	EndGlobalSection
	GlobalSection(ProjectConfigurationPlatforms) = postSolution
		{6C57825D-E4AA-43A5-89D7-52B97B0DCA76}.Debug|x64.ActiveCfg = Debug|x64
		{6C57825D-E4AA-43A5-89D7-52B97B0DCA76}.Debug|x64.Build.0 = Debug|x64
		{6C57825D-E4AA-43A5-89D7-52B97B0DCA76}.Debug|x86.ActiveCfg = Debug|Win32
		{6C57825D-E4AA-43A5-89D7-52B97B0DCA76}.Debug|x86.Build.0 = Debug|Win32
		{6C57825D-E4AA-43A5-89D7-52B97B0DCA76}.Release|x64.ActiveCfg = Release|x64
		{6C57825D-E4AA-43A5-89D7-52B97B0DCA76}.Release|x64.Build.0 = Release|x64
		{6C57825D-E4AA-43A5-89D7-52B97B0DCA76}.Release|x86.ActiveCfg = Release|Win32
		{6C57825D-E4AA-43A5-89D7-52B97B0DCA76}.Release|x86.Build.0 = Release|Win32
		{07303B2D-746E-4E66-9F3E-E0C5D4A31D80}.Debug|x64.ActiveCfg = Debug|x64
		{07303B2D-746E-4E66-9F3E-E0C5D4A31D80}.Debug|x64.Build.0 = Debug|x64
		{07303B2D-746E-4E66-9F3E-E0C5D4A31D80}.Debug|x86.ActiveCfg = Debug|Win32
		{07303B2D-746E-4E66-9F3E-E0C5D4A31D80}.Debug|x86.Build.0 = Debug|Win32
		{07303B2D-746E-4E66-9F3E-E0C5D4A31D80}.Release|x64.ActiveCfg = Release|x64
		{07303B2D-746E-4E66-9F3E-E0C5D4A31D80}.Release|x64.Build.0 = Release|x64
		{07303B2D-746E-4E66-9F3E-E0C5D4A31D80}.Release|x86.ActiveCfg = Release|Win32
		{07303B2D-746E-4E66-9F3E-E0C5D4A31D80}.Release|x86.Build.0 = Release|Win32
		{06E29F3B-9331-403E-9C3B-7B92CD01C37F}.Debug|x64.ActiveCfg = Debug|x64
		{06E29F3B-9331-403E-9C3B-7B92CD01C37F}.Debug|x64.Build.0 = Debug|x64
		{06E29F3B-9331-403E-9C3B-7B92CD01C37F}.Debug|x86.ActiveCfg = Debug|Win32
		{06E29F3B-9331-403E-9C3B-7B92CD01C37F}.Debug|x86.Build.0 = Debug|Win32
		{06E29F3B-9331-403E-9C3B-7B92CD01C37F}.Release|x64.ActiveCfg = Release|x64
		{06E29F3B-9331-403E-9C3B-7B92CD01C37F}.Release|x64.Build.0 = Release|x64
		{06E29F3B-9331-403E-9C3B-7B92CD01C37F}.Release|x86.ActiveCfg = Release|Win32
		{06E29F3B-9331-403E-9C3B-7B92CD01C37F}.Release|x86.Build.0 = Release|Win32
		{3B087BA9-C1A1-401B-8EAF-0F8827FC539A}.Debug|x64.ActiveCfg = Debug|x64
		{3B087BA9-C1A1-401B-8EAF-0F8827FC539A}.Debug|x64.Build.0 = Debug|x64
		{3B087BA9-C1A1-401B-8EAF-0F8827FC539A}.Debug|x86.ActiveCfg = Debug|Win32
		{3B087BA9-C1A1-401B-8EAF-0F8827FC539A}.Debug|x86.Build.0 = Debug|Win32
		{3B087BA9-C1A1-401B-8EAF-0F8827FC539A}.Release|x64.ActiveCfg = Release|x64
		{3B087BA9-C1A1-401B-8EAF-0F8827FC539A}.Release|x64.Build.0 = Release|x64
		{3B087BA9-C1A1-401B-8EAF-0F8827FC539A}.Release|x86.ActiveCfg = Release|Win32
		{3B087BA9-C1A1-401B-8EAF-0F8827FC539A}.Release|x86.Build.0 = Release|Win32
		{26AF90B1-D749-4BFD-95B3-BABA5C885C76}.Debug|x64.ActiveCfg = Debug|x64
		{26AF90B1-D749-4BFD-95B3-BABA5C885C76}.Debug|x64.Build.0 = Debug|x64
		{26AF90B1-D749-4BFD-95B3-BABA5C885C76}.Debug|x86.ActiveCfg = Debug|Win32
		{26AF90B1-D749-4BFD-95B3-BABA5C885C76}.Debug|x86.Build.0 = Debug|Win32
		{26AF90B1-D749-4BFD-95B3-BABA5C885C76}.Release|x64.ActiveCfg = Release|x64
		{26AF90B1-D749-4BFD-95B3-BABA5C885C76}.Release|x64.Build.0 = Release|x64
		{26AF90B1-D749-4BFD-95B3-BABA5C885C76}.Release|x86.ActiveCfg = Release|Win32
		{26AF90B1-D749-4BFD-95B3-BABA5C885C76}.Release|x86.Build.0 = Release|Win32
		{1D93FA71-6B51-4657-85C6-F2ACB572F1C5}.Debug|x64.ActiveCfg = Debug|x64
		{1D93FA71-6B51-4657-85C6-F2ACB572F1C5}.Debug|x64.Build.0 = Debug|x64
		{1D93FA71-6B51-4657-85C6-F2ACB572F1C5}.Debug|x86.ActiveCfg = Debug|Win32
		{1D93FA71-6B51-4657-85C6-F2ACB572F1C5}.Debug|x86.Build.0 = Debug|Win32
		{1D93FA71-6B51-4657-85C6-F2ACB572F1C5}.Release|x64.ActiveCfg = Release|x64
		{1D93FA71-6B51-4657-85C6-F2ACB572F1C5}.Release|x64.Build.0 = Release|x64
		{1D93FA71-6B51-4657-85C6-F2ACB572F1C5}.Release|x86.ActiveCfg = Release|Win32
		{1D93FA71-6B51-4657-85C6-F2ACB572F1C5}.Release|x86.Build.0 = Release|Win32
	EndGlobalSection
	GlobalSection(SolutionProperties) = preSolution
		HideSolutionNode = FALSE
	EndGlobalSection
	GlobalSection(ExtensibilityGlobals) = postSolution
		SolutionGuid = {5462B7EF-FA41-4DF9-B842-727A101BE0B1}
	EndGlobalSection
EndGlobal
