<?xml version="1.0" encoding="utf-8"?>
<Project ToolsVersion="4.0" xmlns="http://schemas.microsoft.com/developer/msbuild/2003">
  <ItemGroup>
    <Filter Include="Source Files">
      <UniqueIdentifier>{4FC737F1-C7A5-4376-A066-2A32D752A2FF}</UniqueIdentifier>
      <Extensions>cpp;c;cc;cxx;c++;cppm;ixx;def;odl;idl;hpj;bat;asm;asmx</Extensions>
    </Filter>
    <Filter Include="Data Files">
      <UniqueIdentifier>{c5bcc4d2-4b25-4397-9bb6-e25f7c65b3fb}</UniqueIdentifier>
    </Filter>
    <Filter Include="Source Files\Components Files">
      <UniqueIdentifier>{88ff5337-5944-445e-b494-5fcb6bf69153}</UniqueIdentifier>
    </Filter>
    <Filter Include="Source Files\Squadron Files">
      <UniqueIdentifier>{9e4cd778-a890-4d3b-b396-2f1a659bf60b}</UniqueIdentifier>
    </Filter>
    <Filter Include="Source Files\Stager Files">
      <UniqueIdentifier>{38fd0fef-4f0f-422c-a101-a67844edea31}</UniqueIdentifier>
    </Filter>
    <Filter Include="Source Files\Systems Files">
      <UniqueIdentifier>{aed16a1b-6ae5-47da-9499-39fb54960e6d}</UniqueIdentifier>
    </Filter>
    <Filter Include="Source Files\Renders Files">
      <UniqueIdentifier>{c233ebc5-b498-4b16-b5bd-6b0fe8e3e4b4}</UniqueIdentifier>
    </Filter>
    <Filter Include="Data Files\Shaders">
      <UniqueIdentifier>{7892a253-a1eb-4377-b7ec-211dd4bd5500}</UniqueIdentifier>
    </Filter>
    <Filter Include="Data Files\Manifest">
      <UniqueIdentifier>{ea385ff2-e892-4d46-b391-7d82459be62b}</UniqueIdentifier>
    </Filter>
    <Filter Include="Data Files\Materials">
      <UniqueIdentifier>{44bb02cd-2f1d-483a-86a2-3e2f19959e77}</UniqueIdentifier>
    </Filter>
    <Filter Include="Data Files\Images">
      <UniqueIdentifier>{4281daf4-d030-423c-8e58-7f70cdcef336}</UniqueIdentifier>
    </Filter>
    <Filter Include="Data Files\Geometry">
      <UniqueIdentifier>{bb51805f-26f5-4de7-891f-3c07e1707f48}</UniqueIdentifier>
    </Filter>
  </ItemGroup>
  <ItemGroup>
    <ClCompile Include="source\Main.cpp">
      <Filter>Source Files</Filter>
    </ClCompile>
    <ClCompile Include="source\MainGame.cpp">
      <Filter>Source Files</Filter>
    </ClCompile>
    <ClCompile Include="source\Squadron\SquadronSystem.cpp">
      <Filter>Source Files\Squadron Files</Filter>
    </ClCompile>
    <ClCompile Include="source\DefensorGameCoordinator.cpp">
      <Filter>Source Files</Filter>
    </ClCompile>
    <ClCompile Include="source\Components\InputComponent.cpp">
      <Filter>Source Files\Components Files</Filter>
    </ClCompile>
    <ClCompile Include="source\Squadron\PlayerSystem.cpp">
      <Filter>Source Files\Squadron Files</Filter>
    </ClCompile>
    <ClCompile Include="source\Components\LocationComponent.cpp">
      <Filter>Source Files\Components Files</Filter>
    </ClCompile>
    <ClCompile Include="source\Components\UnitComponent.cpp">
      <Filter>Source Files\Components Files</Filter>
    </ClCompile>
    <ClCompile Include="source\Squadron\MenuSystem.cpp">
      <Filter>Source Files\Squadron Files</Filter>
    </ClCompile>
    <ClCompile Include="source\Components\MenuComponent.cpp">
      <Filter>Source Files\Components Files</Filter>
    </ClCompile>
    <ClCompile Include="source\Components\ScriptComponent.cpp">
      <Filter>Source Files\Components Files</Filter>
    </ClCompile>
    <ClCompile Include="source\Stager\StagerSystem.cpp">
      <Filter>Source Files\Stager Files</Filter>
    </ClCompile>
    <ClCompile Include="source\Systems\InputSystem.cpp">
      <Filter>Source Files\Systems Files</Filter>
    </ClCompile>
    <ClCompile Include="source\DefensorRenderCoordinator.cpp">
      <Filter>Source Files</Filter>
    </ClCompile>
    <ClCompile Include="source\Renders\RenderSystem.cpp">
      <Filter>Source Files\Renders Files</Filter>
    </ClCompile>
    <ClCompile Include="source\Systems\FrameStateCollectorSystem.cpp">
      <Filter>Source Files\Systems Files</Filter>
    </ClCompile>
    <ClCompile Include="source\Renders\FrameStateGatherSystem.cpp">
      <Filter>Source Files\Renders Files</Filter>
    </ClCompile>
    <ClCompile Include="source\Renders\SceneComponent.cpp">
      <Filter>Source Files\Renders Files</Filter>
    </ClCompile>
    <ClCompile Include="source\Renders\RenderComponent.cpp">
      <Filter>Source Files\Renders Files</Filter>
    </ClCompile>
    <ClCompile Include="source\Renders\RenderMaterial.cpp">
      <Filter>Source Files\Renders Files</Filter>
    </ClCompile>
  </ItemGroup>
  <ItemGroup>
    <None Include="Defensor.deployment">
      <Filter>Data Files</Filter>
    </None>
  </ItemGroup>
  <ItemGroup>
    <CopyFileToFolders Include="data\Configuration.json">
      <Filter>Data Files</Filter>
    </CopyFileToFolders>
    <CopyFileToFolders Include="data\KeyBindings.json">
      <Filter>Data Files</Filter>
    </CopyFileToFolders>
    <CopyFileToFolders Include="data\PlayerTest.pers">
      <Filter>Data Files</Filter>
    </CopyFileToFolders>
    <CopyFileToFolders Include="data\Shaders\Pixel\Basic.ps">
      <Filter>Data Files\Shaders</Filter>
    </CopyFileToFolders>
    <CopyFileToFolders Include="data\Manifest\RenderDependencies.json">
      <Filter>Data Files\Manifest</Filter>
    </CopyFileToFolders>
    <CopyFileToFolders Include="data\Manifest\TypeToSection.json">
      <Filter>Data Files\Manifest</Filter>
    </CopyFileToFolders>
    <CopyFileToFolders Include="data\Manifest\ShaderCompileOptions.json">
      <Filter>Data Files\Manifest</Filter>
    </CopyFileToFolders>
    <CopyFileToFolders Include="data\Materials\BasicMaterial.json">
      <Filter>Data Files\Materials</Filter>
    </CopyFileToFolders>
    <CopyFileToFolders Include="data\Shaders\Pixel\Basic.vs">
      <Filter>Data Files\Shaders</Filter>
    </CopyFileToFolders>
    <CopyFileToFolders Include="data\Images\Blue.bmp">
      <Filter>Data Files\Images</Filter>
    </CopyFileToFolders>
    <CopyFileToFolders Include="data\Images\Green.jpg">
      <Filter>Data Files\Images</Filter>
    </CopyFileToFolders>
    <CopyFileToFolders Include="data\Images\Red.png">
      <Filter>Data Files\Images</Filter>
    </CopyFileToFolders>
    <CopyFileToFolders Include="data\Images\White.tga">
      <Filter>Data Files\Images</Filter>
    </CopyFileToFolders>
    <CopyFileToFolders Include="data\Manifest\ShaderReflectionOptions.json">
      <Filter>Data Files\Manifest</Filter>
    </CopyFileToFolders>
    <CopyFileToFolders Include="data\Materials\BasicTextureMaterial.json">
      <Filter>Data Files\Materials</Filter>
    </CopyFileToFolders>
    <CopyFileToFolders Include="data\Shaders\Pixel\BasicTexture.ps">
      <Filter>Data Files\Shaders</Filter>
    </CopyFileToFolders>
    <CopyFileToFolders Include="data\Shaders\Pixel\BasicTexture.vs">
      <Filter>Data Files\Shaders</Filter>
    </CopyFileToFolders>
    <CopyFileToFolders Include="data\Images\Checker.jpg">
      <Filter>Data Files\Images</Filter>
    </CopyFileToFolders>
    <CopyFileToFolders Include="data\Geometry\Rectangle.geom">
      <Filter>Data Files\Geometry</Filter>
    </CopyFileToFolders>
  </ItemGroup>
  <ItemGroup>
    <ClInclude Include="source\MainGame.h">
      <Filter>Source Files</Filter>
    </ClInclude>
    <ClInclude Include="source\DefensorGameTypes.h">
      <Filter>Source Files</Filter>
    </ClInclude>
    <ClInclude Include="source\DefensorRenderTypes.h">
      <Filter>Source Files</Filter>
    </ClInclude>
    <ClInclude Include="source\Components\LocationComponent.h">
      <Filter>Source Files\Components Files</Filter>
    </ClInclude>
    <ClInclude Include="source\Squadron\SquadronSystem.h">
      <Filter>Source Files\Squadron Files</Filter>
    </ClInclude>
    <ClInclude Include="source\DefensorGameCoordinator.h">
      <Filter>Source Files</Filter>
    </ClInclude>
    <ClInclude Include="source\Components\InputComponent.h">
      <Filter>Source Files\Components Files</Filter>
    </ClInclude>
    <ClInclude Include="source\Squadron\PlayerSystem.h">
      <Filter>Source Files\Squadron Files</Filter>
    </ClInclude>
    <ClInclude Include="source\Components\UnitComponent.h">
      <Filter>Source Files\Components Files</Filter>
    </ClInclude>
    <ClInclude Include="source\Squadron\MenuSystem.h">
      <Filter>Source Files\Squadron Files</Filter>
    </ClInclude>
    <ClInclude Include="source\Components\MenuComponent.h">
      <Filter>Source Files\Components Files</Filter>
    </ClInclude>
    <ClInclude Include="source\Components\ScriptComponent.h">
      <Filter>Source Files\Components Files</Filter>
    </ClInclude>
    <ClInclude Include="source\Stager\StagerSystem.h">
      <Filter>Source Files\Stager Files</Filter>
    </ClInclude>
    <ClInclude Include="source\Systems\InputSystem.h">
      <Filter>Source Files\Systems Files</Filter>
    </ClInclude>
    <ClInclude Include="source\DefensorRenderCoordinator.h">
      <Filter>Source Files</Filter>
    </ClInclude>
    <ClInclude Include="source\Renders\RenderSystem.h">
      <Filter>Source Files\Renders Files</Filter>
    </ClInclude>
    <ClInclude Include="source\Systems\FrameStateCollectorSystem.h">
      <Filter>Source Files\Systems Files</Filter>
    </ClInclude>
    <ClInclude Include="source\Renders\FrameStateGatherSystem.h">
      <Filter>Source Files\Renders Files</Filter>
    </ClInclude>
    <ClInclude Include="source\Renders\SceneComponent.h">
      <Filter>Source Files\Renders Files</Filter>
    </ClInclude>
    <ClInclude Include="source\Renders\RenderComponent.h">
      <Filter>Source Files\Renders Files</Filter>
    </ClInclude>
    <ClInclude Include="resource.h" />
    <ClInclude Include="source\Renders\RenderMaterial.h">
      <Filter>Source Files\Renders Files</Filter>
    </ClInclude>
  </ItemGroup>
  <ItemGroup>
    <ResourceCompile Include="Defensor.rc" />
  </ItemGroup>
  <ItemGroup>
    <Image Include="data\Images\Icons\MainApp.ico" />
  </ItemGroup>
</Project>