
Microsoft Visual Studio Solution File, Format Version 10.00
# Visual Studio 2008
Project("{8BC9CEB8-8B4A-11D0-8D11-00A0C91BC942}") = "Math", "..\..\Common\Math\build\Math.vcproj", "{40A67A5C-56F7-4538-97BC-C6BAAF5A98FD}"
EndProject
Project("{8BC9CEB8-8B4A-11D0-8D11-00A0C91BC942}") = "Utility", "..\..\Common\Utility\build\Utility.vcproj", "{50B550FA-6F86-4CDE-9F85-4A1780FC5AD2}"
	ProjectSection(ProjectDependencies) = postProject
		{40A67A5C-56F7-4538-97BC-C6BAAF5A98FD} = {40A67A5C-56F7-4538-97BC-C6BAAF5A98FD}
	EndProjectSection
EndProject
Project("{8BC9CEB8-8B4A-11D0-8D11-00A0C91BC942}") = "Registrate", "..\..\Common\Registrate\build\Registrate.vcproj", "{42A73A4B-9E56-4FD8-98EA-D342D9D10999}"
	ProjectSection(ProjectDependencies) = postProject
		{50B550FA-6F86-4CDE-9F85-4A1780FC5AD2} = {50B550FA-6F86-4CDE-9F85-4A1780FC5AD2}
	EndProjectSection
EndProject
Project("{8BC9CEB8-8B4A-11D0-8D11-00A0C91BC942}") = "Objects", "..\..\Common\Objects\build\Objects.vcproj", "{E1BFD4F3-84B5-4828-894C-422D0A0DD105}"
	ProjectSection(ProjectDependencies) = postProject
		{42A73A4B-9E56-4FD8-98EA-D342D9D10999} = {42A73A4B-9E56-4FD8-98EA-D342D9D10999}
	EndProjectSection
EndProject
Project("{8BC9CEB8-8B4A-11D0-8D11-00A0C91BC942}") = "Components", "..\..\Common\Components\build\Components.vcproj", "{E45C5664-D146-4768-8A4D-D809D776C9B0}"
	ProjectSection(ProjectDependencies) = postProject
		{42A73A4B-9E56-4FD8-98EA-D342D9D10999} = {42A73A4B-9E56-4FD8-98EA-D342D9D10999}
	EndProjectSection
EndProject
Project("{8BC9CEB8-8B4A-11D0-8D11-00A0C91BC942}") = "CollisionHavok", "..\..\Common\Collision\CollisionHavok\build\CollisionHavok.vcproj", "{19F2D37C-F891-4CD7-BB37-635667C12F1A}"
	ProjectSection(ProjectDependencies) = postProject
		{42A73A4B-9E56-4FD8-98EA-D342D9D10999} = {42A73A4B-9E56-4FD8-98EA-D342D9D10999}
	EndProjectSection
EndProject
Project("{8BC9CEB8-8B4A-11D0-8D11-00A0C91BC942}") = "Render", "..\..\Common\Render\build\Render.vcproj", "{CE78FEEA-5922-4D96-9F9D-F8B784854CE6}"
	ProjectSection(ProjectDependencies) = postProject
		{42A73A4B-9E56-4FD8-98EA-D342D9D10999} = {42A73A4B-9E56-4FD8-98EA-D342D9D10999}
	EndProjectSection
EndProject
Project("{8BC9CEB8-8B4A-11D0-8D11-00A0C91BC942}") = "Replicate", "..\..\Common\Replicate\build\Replicate.vcproj", "{0129CBBB-DC5D-4AD5-9A30-BF1389C57CA8}"
	ProjectSection(ProjectDependencies) = postProject
		{42A73A4B-9E56-4FD8-98EA-D342D9D10999} = {42A73A4B-9E56-4FD8-98EA-D342D9D10999}
	EndProjectSection
EndProject
Project("{8BC9CEB8-8B4A-11D0-8D11-00A0C91BC942}") = "ScriptLua", "..\..\Common\Script\ScriptLua\build\ScriptLua.vcproj", "{A02E5D7F-16DD-46DB-8999-D91F3C01A21D}"
	ProjectSection(ProjectDependencies) = postProject
		{42A73A4B-9E56-4FD8-98EA-D342D9D10999} = {42A73A4B-9E56-4FD8-98EA-D342D9D10999}
	EndProjectSection
EndProject
Project("{8BC9CEB8-8B4A-11D0-8D11-00A0C91BC942}") = "EditorFrame", "..\..\Common\EditorFrame\build\EditorFrame.vcproj", "{766814D4-4D3E-44D3-8EAB-4AE8BA2E0E10}"
	ProjectSection(ProjectDependencies) = postProject
		{42A73A4B-9E56-4FD8-98EA-D342D9D10999} = {42A73A4B-9E56-4FD8-98EA-D342D9D10999}
	EndProjectSection
EndProject
Project("{2150E333-8FDC-42A3-9474-1A3956D46DE8}") = "Solution Items", "Solution Items", "{D0E88F20-F4FA-4F1F-919B-A445E3074879}"
	ProjectSection(SolutionItems) = preProject
		YagetEngine.slnenv = YagetEngine.slnenv
	EndProjectSection
EndProject
Project("{8BC9CEB8-8B4A-11D0-8D11-00A0C91BC942}") = "EditorFrameDotNet", "..\..\Common\EditorFrame\DotNet\build\EditorFrameDotNet.vcproj", "{EC52B90B-78F1-4037-9AB2-29575B79007F}"
	ProjectSection(ProjectDependencies) = postProject
		{42A73A4B-9E56-4FD8-98EA-D342D9D10999} = {42A73A4B-9E56-4FD8-98EA-D342D9D10999}
	EndProjectSection
EndProject
Global
	GlobalSection(SolutionConfigurationPlatforms) = preSolution
		Debug|Win32 = Debug|Win32
		Release|Win32 = Release|Win32
	EndGlobalSection
	GlobalSection(ProjectConfigurationPlatforms) = postSolution
		{40A67A5C-56F7-4538-97BC-C6BAAF5A98FD}.Debug|Win32.ActiveCfg = Debug|Win32
		{40A67A5C-56F7-4538-97BC-C6BAAF5A98FD}.Debug|Win32.Build.0 = Debug|Win32
		{40A67A5C-56F7-4538-97BC-C6BAAF5A98FD}.Release|Win32.ActiveCfg = Release|Win32
		{40A67A5C-56F7-4538-97BC-C6BAAF5A98FD}.Release|Win32.Build.0 = Release|Win32
		{50B550FA-6F86-4CDE-9F85-4A1780FC5AD2}.Debug|Win32.ActiveCfg = Debug|Win32
		{50B550FA-6F86-4CDE-9F85-4A1780FC5AD2}.Debug|Win32.Build.0 = Debug|Win32
		{50B550FA-6F86-4CDE-9F85-4A1780FC5AD2}.Release|Win32.ActiveCfg = Release|Win32
		{50B550FA-6F86-4CDE-9F85-4A1780FC5AD2}.Release|Win32.Build.0 = Release|Win32
		{42A73A4B-9E56-4FD8-98EA-D342D9D10999}.Debug|Win32.ActiveCfg = Debug|Win32
		{42A73A4B-9E56-4FD8-98EA-D342D9D10999}.Debug|Win32.Build.0 = Debug|Win32
		{42A73A4B-9E56-4FD8-98EA-D342D9D10999}.Release|Win32.ActiveCfg = Release|Win32
		{42A73A4B-9E56-4FD8-98EA-D342D9D10999}.Release|Win32.Build.0 = Release|Win32
		{E1BFD4F3-84B5-4828-894C-422D0A0DD105}.Debug|Win32.ActiveCfg = Debug|Win32
		{E1BFD4F3-84B5-4828-894C-422D0A0DD105}.Debug|Win32.Build.0 = Debug|Win32
		{E1BFD4F3-84B5-4828-894C-422D0A0DD105}.Release|Win32.ActiveCfg = Release|Win32
		{E1BFD4F3-84B5-4828-894C-422D0A0DD105}.Release|Win32.Build.0 = Release|Win32
		{E45C5664-D146-4768-8A4D-D809D776C9B0}.Debug|Win32.ActiveCfg = Debug|Win32
		{E45C5664-D146-4768-8A4D-D809D776C9B0}.Debug|Win32.Build.0 = Debug|Win32
		{E45C5664-D146-4768-8A4D-D809D776C9B0}.Release|Win32.ActiveCfg = Release|Win32
		{E45C5664-D146-4768-8A4D-D809D776C9B0}.Release|Win32.Build.0 = Release|Win32
		{19F2D37C-F891-4CD7-BB37-635667C12F1A}.Debug|Win32.ActiveCfg = Debug|Win32
		{19F2D37C-F891-4CD7-BB37-635667C12F1A}.Debug|Win32.Build.0 = Debug|Win32
		{19F2D37C-F891-4CD7-BB37-635667C12F1A}.Release|Win32.ActiveCfg = Release|Win32
		{19F2D37C-F891-4CD7-BB37-635667C12F1A}.Release|Win32.Build.0 = Release|Win32
		{CE78FEEA-5922-4D96-9F9D-F8B784854CE6}.Debug|Win32.ActiveCfg = Debug|Win32
		{CE78FEEA-5922-4D96-9F9D-F8B784854CE6}.Debug|Win32.Build.0 = Debug|Win32
		{CE78FEEA-5922-4D96-9F9D-F8B784854CE6}.Release|Win32.ActiveCfg = Release|Win32
		{CE78FEEA-5922-4D96-9F9D-F8B784854CE6}.Release|Win32.Build.0 = Release|Win32
		{0129CBBB-DC5D-4AD5-9A30-BF1389C57CA8}.Debug|Win32.ActiveCfg = Debug|Win32
		{0129CBBB-DC5D-4AD5-9A30-BF1389C57CA8}.Debug|Win32.Build.0 = Debug|Win32
		{0129CBBB-DC5D-4AD5-9A30-BF1389C57CA8}.Release|Win32.ActiveCfg = Release|Win32
		{0129CBBB-DC5D-4AD5-9A30-BF1389C57CA8}.Release|Win32.Build.0 = Release|Win32
		{A02E5D7F-16DD-46DB-8999-D91F3C01A21D}.Debug|Win32.ActiveCfg = Debug|Win32
		{A02E5D7F-16DD-46DB-8999-D91F3C01A21D}.Debug|Win32.Build.0 = Debug|Win32
		{A02E5D7F-16DD-46DB-8999-D91F3C01A21D}.Release|Win32.ActiveCfg = Release|Win32
		{A02E5D7F-16DD-46DB-8999-D91F3C01A21D}.Release|Win32.Build.0 = Release|Win32
		{766814D4-4D3E-44D3-8EAB-4AE8BA2E0E10}.Debug|Win32.ActiveCfg = Debug|Win32
		{766814D4-4D3E-44D3-8EAB-4AE8BA2E0E10}.Debug|Win32.Build.0 = Debug|Win32
		{766814D4-4D3E-44D3-8EAB-4AE8BA2E0E10}.Release|Win32.ActiveCfg = Release|Win32
		{766814D4-4D3E-44D3-8EAB-4AE8BA2E0E10}.Release|Win32.Build.0 = Release|Win32
		{EC52B90B-78F1-4037-9AB2-29575B79007F}.Debug|Win32.ActiveCfg = Debug|Win32
		{EC52B90B-78F1-4037-9AB2-29575B79007F}.Debug|Win32.Build.0 = Debug|Win32
		{EC52B90B-78F1-4037-9AB2-29575B79007F}.Release|Win32.ActiveCfg = Release|Win32
		{EC52B90B-78F1-4037-9AB2-29575B79007F}.Release|Win32.Build.0 = Release|Win32
	EndGlobalSection
	GlobalSection(SolutionProperties) = preSolution
		HideSolutionNode = FALSE
	EndGlobalSection
EndGlobal
