<?xml version="1.0" encoding="utf-8"?>
<Project ToolsVersion="4.0" xmlns="http://schemas.microsoft.com/developer/msbuild/2003">
  <ItemGroup>
    <Filter Include="Source Files">
      <UniqueIdentifier>{4FC737F1-C7A5-4376-A066-2A32D752A2FF}</UniqueIdentifier>
      <Extensions>cpp;c;cc;cxx;c++;cppm;ixx;def;odl;idl;hpj;bat;asm;asmx</Extensions>
    </Filter>
    <Filter Include="Header Files">
      <UniqueIdentifier>{93995380-89BD-4b04-88EB-625FBE52EBFB}</UniqueIdentifier>
      <Extensions>h;hh;hpp;hxx;h++;hm;inl;inc;ipp;xsd</Extensions>
    </Filter>
    <Filter Include="Resource Files">
      <UniqueIdentifier>{67DA6AB6-F800-4c08-8B7A-83BB121AAD01}</UniqueIdentifier>
      <Extensions>rc;ico;cur;bmp;dlg;rc2;rct;bin;rgs;gif;jpg;jpeg;jpe;resx;tiff;tif;png;wav;mfcribbon-ms</Extensions>
    </Filter>
    <Filter Include="Data Files">
      <UniqueIdentifier>{be1bd920-e6c3-4828-bc9f-46477328cbf4}</UniqueIdentifier>
    </Filter>
    <Filter Include="Source Files\Systems">
      <UniqueIdentifier>{07be6e65-c21e-4e9d-a5bc-a46c08047490}</UniqueIdentifier>
    </Filter>
    <Filter Include="Source Files\Components">
      <UniqueIdentifier>{335d901a-22ce-4d08-81d1-b6da826af2b3}</UniqueIdentifier>
    </Filter>
  </ItemGroup>
  <ItemGroup>
    <ClCompile Include="source\TicTocToe.cpp">
      <Filter>Source Files</Filter>
    </ClCompile>
    <ClCompile Include="source\GameCoordinator.cpp">
      <Filter>Source Files</Filter>
    </ClCompile>
    <ClCompile Include="source\Game.cpp">
      <Filter>Source Files</Filter>
    </ClCompile>
    <ClCompile Include="source\BoardComponent.cpp">
      <Filter>Source Files\Components</Filter>
    </ClCompile>
    <ClCompile Include="source\InputComponent.cpp">
      <Filter>Source Files\Components</Filter>
    </ClCompile>
    <ClCompile Include="source\InventoryComponent.cpp">
      <Filter>Source Files\Components</Filter>
    </ClCompile>
    <ClCompile Include="source\PieceComponent.cpp">
      <Filter>Source Files\Components</Filter>
    </ClCompile>
    <ClCompile Include="source\PlayerComponent.cpp">
      <Filter>Source Files\Components</Filter>
    </ClCompile>
    <ClCompile Include="source\ScoreComponent.cpp">
      <Filter>Source Files\Components</Filter>
    </ClCompile>
    <ClCompile Include="source\BoardSystem.cpp">
      <Filter>Source Files\Systems</Filter>
    </ClCompile>
    <ClCompile Include="source\ScoreSystem.cpp">
      <Filter>Source Files\Systems</Filter>
    </ClCompile>
    <ClCompile Include="source\RenderSystem.cpp">
      <Filter>Source Files\Systems</Filter>
    </ClCompile>
    <ClCompile Include="source\RenderComponent.cpp">
      <Filter>Source Files\Components</Filter>
    </ClCompile>
  </ItemGroup>
  <ItemGroup>
    <CopyFileToFolders Include="data\KeyBindings.json">
      <Filter>Data Files</Filter>
    </CopyFileToFolders>
    <CopyFileToFolders Include="data\Configuration.json">
      <Filter>Data Files</Filter>
    </CopyFileToFolders>
    <CopyFileToFolders Include="data\Director.json">
      <Filter>Data Files</Filter>
    </CopyFileToFolders>
  </ItemGroup>
  <ItemGroup>
    <ClInclude Include="source\GameTypes.h">
      <Filter>Source Files</Filter>
    </ClInclude>
    <ClInclude Include="source\GameCoordinator.h">
      <Filter>Source Files</Filter>
    </ClInclude>
    <ClInclude Include="source\Game.h">
      <Filter>Source Files</Filter>
    </ClInclude>
    <ClInclude Include="source\BoardComponent.h">
      <Filter>Source Files\Components</Filter>
    </ClInclude>
    <ClInclude Include="source\InputComponent.h">
      <Filter>Source Files\Components</Filter>
    </ClInclude>
    <ClInclude Include="source\InventoryComponent.h">
      <Filter>Source Files\Components</Filter>
    </ClInclude>
    <ClInclude Include="source\PieceComponent.h">
      <Filter>Source Files\Components</Filter>
    </ClInclude>
    <ClInclude Include="source\ScoreComponent.h">
      <Filter>Source Files\Components</Filter>
    </ClInclude>
    <ClInclude Include="source\PlayerComponent.h">
      <Filter>Source Files\Components</Filter>
    </ClInclude>
    <ClInclude Include="source\BoardSystem.h">
      <Filter>Source Files\Systems</Filter>
    </ClInclude>
    <ClInclude Include="source\ScoreSystem.h">
      <Filter>Source Files\Systems</Filter>
    </ClInclude>
    <ClInclude Include="source\RenderComponent.h">
      <Filter>Source Files\Components</Filter>
    </ClInclude>
    <ClInclude Include="source\RenderSystem.h">
      <Filter>Source Files\Systems</Filter>
    </ClInclude>
  </ItemGroup>
</Project>